
Microsoft Visual Studio Solution File, Format Version 12.00
# Visual Studio Version 16
VisualStudioVersion = 16.0.29102.190
MinimumVisualStudioVersion = 10.0.40219.1
Project("{2150E333-8FDC-42A3-9474-1A3956D46DE8}") = "src", "src", "{BC256BE7-7896-4159-BB31-9F3D22860391}"
EndProject
Project("{2150E333-8FDC-42A3-9474-1A3956D46DE8}") = "test", "test", "{843C3844-BA79-40AE-B102-F5AFA0F4AD77}"
EndProject
Project("{9A19103F-16F7-4668-BE54-9A1E7A4F7556}") = "ViewModels", "src\ViewModels\ViewModels.csproj", "{CA4B6910-402D-40C3-99C6-8DF8E3ABF041}"
EndProject
Project("{2150E333-8FDC-42A3-9474-1A3956D46DE8}") = ".solution", ".solution", "{465CF782-8943-4AC4-8149-80EF65C5C66C}"
	ProjectSection(SolutionItems) = preProject
		analyzers.ruleset = analyzers.ruleset
		directory.build.props = directory.build.props
		directory.build.targets = directory.build.targets
		NuGet.config = NuGet.config
		README.md = README.md
		stylecop.json = stylecop.json
		packages.props = packages.props
		.gitignore = .gitignore
		.editorconfig = .editorconfig
		.codecov.yml = .codecov.yml
	EndProjectSection
EndProject
Project("{9A19103F-16F7-4668-BE54-9A1E7A4F7556}") = "Controls", "src\Controls\Controls.csproj", "{F717BFF2-0DD5-453D-AB60-1CA85D7FCB87}"
EndProject
Project("{2150E333-8FDC-42A3-9474-1A3956D46DE8}") = ".build", ".build", "{001008EE-6848-47BA-9F6C-A89B0E74D737}"
	ProjectSection(SolutionItems) = preProject
		GitVersion.yml = GitVersion.yml
	EndProjectSection
EndProject
Project("{9A19103F-16F7-4668-BE54-9A1E7A4F7556}") = "Forms", "src\Forms\Forms.csproj", "{94F40576-6748-40AB-A541-ED6A45035796}"
EndProject
Project("{2150E333-8FDC-42A3-9474-1A3956D46DE8}") = ".nuspec", ".nuspec", "{0FF56E4B-1F2D-4839-B857-9C878FC2F55B}"
	ProjectSection(SolutionItems) = preProject
		.nuspec\Controls.nuspec = .nuspec\Controls.nuspec
		.nuspec\Forms.nuspec = .nuspec\Forms.nuspec
		.nuspec\ViewModels.nuspec = .nuspec\ViewModels.nuspec
		.nuspec\Popup.nuspec = .nuspec\Popup.nuspec
		.nuspec\Composition.nuspec = .nuspec\Composition.nuspec
		.nuspec\Data.nuspec = .nuspec\Data.nuspec
		.nuspec\Synthetic.nuspec = .nuspec\Synthetic.nuspec
		.nuspec\Core.nuspec = .nuspec\Core.nuspec
		.nuspec\Shiny.nuspec = .nuspec\Shiny.nuspec
		.nuspec\Timers.nuspec = .nuspec\Timers.nuspec
	EndProjectSection
EndProject
Project("{FAE04EC0-301F-11D3-BF4B-00C04F79EFBC}") = ".build", ".build\.build.csproj", "{8322904C-5A48-4A92-A5EA-2AF91F8C4595}"
EndProject
Project("{FAE04EC0-301F-11D3-BF4B-00C04F79EFBC}") = "Popup", "src\Popup\Popup.csproj", "{16FCCE0B-9C29-48D2-8CE7-0DC1D616B602}"
EndProject
Project("{FAE04EC0-301F-11D3-BF4B-00C04F79EFBC}") = "Composition", "src\Composition\Composition.csproj", "{36A9DAA0-FCD4-41A3-A046-C755937CA701}"
EndProject
Project("{FAE04EC0-301F-11D3-BF4B-00C04F79EFBC}") = "Composition.Tests", "test\Composition.Tests\Composition.Tests.csproj", "{D8A98936-BA4C-44A9-BD39-34DCBEF665C9}"
EndProject
Project("{FAE04EC0-301F-11D3-BF4B-00C04F79EFBC}") = "Synthetic", "src\Synthetic\Synthetic.csproj", "{D42E447B-522C-48E6-82A9-B24780BC7A35}"
EndProject
Project("{FAE04EC0-301F-11D3-BF4B-00C04F79EFBC}") = "Data", "src\Data\Data.csproj", "{C7CF6562-2D8C-41EC-B517-46095B03D4EA}"
EndProject
Project("{FAE04EC0-301F-11D3-BF4B-00C04F79EFBC}") = "Apple", "src\Apple\Apple.csproj", "{0B088095-6ED4-43CE-9EF2-C1EA3C7ADBFF}"
EndProject
Project("{FAE04EC0-301F-11D3-BF4B-00C04F79EFBC}") = "Core", "src\Core\Core.csproj", "{89A9A8DA-80DD-4A27-A49C-AE2F3356B59D}"
EndProject
Project("{FAE04EC0-301F-11D3-BF4B-00C04F79EFBC}") = "Timers", "src\Timers\Timers.csproj", "{70DA205B-50E9-4F4D-B244-9C2E2B40A2EE}"
EndProject
Project("{FAE04EC0-301F-11D3-BF4B-00C04F79EFBC}") = "Airframe.Tests", "test\Airframe.Tests\Airframe.Tests.csproj", "{4C29DC6C-1251-4B3F-8F2C-447F24230E56}"
EndProject
Project("{FAE04EC0-301F-11D3-BF4B-00C04F79EFBC}") = "Shiny", "src\Shiny\Shiny.csproj", "{DCA948A5-DCE2-4F0E-B011-5BCC5D9C206F}"
EndProject
Global
	GlobalSection(SolutionConfigurationPlatforms) = preSolution
		Debug|Any CPU = Debug|Any CPU
		Release|Any CPU = Release|Any CPU
	EndGlobalSection
	GlobalSection(ProjectConfigurationPlatforms) = postSolution
		{CA4B6910-402D-40C3-99C6-8DF8E3ABF041}.Debug|Any CPU.ActiveCfg = Debug|Any CPU
		{CA4B6910-402D-40C3-99C6-8DF8E3ABF041}.Debug|Any CPU.Build.0 = Debug|Any CPU
		{CA4B6910-402D-40C3-99C6-8DF8E3ABF041}.Release|Any CPU.ActiveCfg = Release|Any CPU
		{CA4B6910-402D-40C3-99C6-8DF8E3ABF041}.Release|Any CPU.Build.0 = Release|Any CPU
		{F717BFF2-0DD5-453D-AB60-1CA85D7FCB87}.Debug|Any CPU.ActiveCfg = Debug|Any CPU
		{F717BFF2-0DD5-453D-AB60-1CA85D7FCB87}.Debug|Any CPU.Build.0 = Debug|Any CPU
		{F717BFF2-0DD5-453D-AB60-1CA85D7FCB87}.Release|Any CPU.ActiveCfg = Release|Any CPU
		{F717BFF2-0DD5-453D-AB60-1CA85D7FCB87}.Release|Any CPU.Build.0 = Release|Any CPU
		{94F40576-6748-40AB-A541-ED6A45035796}.Debug|Any CPU.ActiveCfg = Debug|Any CPU
		{94F40576-6748-40AB-A541-ED6A45035796}.Debug|Any CPU.Build.0 = Debug|Any CPU
		{94F40576-6748-40AB-A541-ED6A45035796}.Release|Any CPU.ActiveCfg = Release|Any CPU
		{94F40576-6748-40AB-A541-ED6A45035796}.Release|Any CPU.Build.0 = Release|Any CPU
		{8322904C-5A48-4A92-A5EA-2AF91F8C4595}.Debug|Any CPU.ActiveCfg = Debug|Any CPU
		{8322904C-5A48-4A92-A5EA-2AF91F8C4595}.Release|Any CPU.ActiveCfg = Release|Any CPU
		{16FCCE0B-9C29-48D2-8CE7-0DC1D616B602}.Debug|Any CPU.ActiveCfg = Debug|Any CPU
		{16FCCE0B-9C29-48D2-8CE7-0DC1D616B602}.Debug|Any CPU.Build.0 = Debug|Any CPU
		{16FCCE0B-9C29-48D2-8CE7-0DC1D616B602}.Release|Any CPU.ActiveCfg = Release|Any CPU
		{16FCCE0B-9C29-48D2-8CE7-0DC1D616B602}.Release|Any CPU.Build.0 = Release|Any CPU
		{36A9DAA0-FCD4-41A3-A046-C755937CA701}.Debug|Any CPU.ActiveCfg = Debug|Any CPU
		{36A9DAA0-FCD4-41A3-A046-C755937CA701}.Debug|Any CPU.Build.0 = Debug|Any CPU
		{36A9DAA0-FCD4-41A3-A046-C755937CA701}.Release|Any CPU.ActiveCfg = Release|Any CPU
		{36A9DAA0-FCD4-41A3-A046-C755937CA701}.Release|Any CPU.Build.0 = Release|Any CPU
		{D8A98936-BA4C-44A9-BD39-34DCBEF665C9}.Debug|Any CPU.ActiveCfg = Debug|Any CPU
		{D8A98936-BA4C-44A9-BD39-34DCBEF665C9}.Debug|Any CPU.Build.0 = Debug|Any CPU
		{D8A98936-BA4C-44A9-BD39-34DCBEF665C9}.Release|Any CPU.ActiveCfg = Release|Any CPU
		{D8A98936-BA4C-44A9-BD39-34DCBEF665C9}.Release|Any CPU.Build.0 = Release|Any CPU
		{D42E447B-522C-48E6-82A9-B24780BC7A35}.Debug|Any CPU.ActiveCfg = Debug|Any CPU
		{D42E447B-522C-48E6-82A9-B24780BC7A35}.Debug|Any CPU.Build.0 = Debug|Any CPU
		{D42E447B-522C-48E6-82A9-B24780BC7A35}.Release|Any CPU.ActiveCfg = Release|Any CPU
		{D42E447B-522C-48E6-82A9-B24780BC7A35}.Release|Any CPU.Build.0 = Release|Any CPU
		{C7CF6562-2D8C-41EC-B517-46095B03D4EA}.Debug|Any CPU.ActiveCfg = Debug|Any CPU
		{C7CF6562-2D8C-41EC-B517-46095B03D4EA}.Debug|Any CPU.Build.0 = Debug|Any CPU
		{C7CF6562-2D8C-41EC-B517-46095B03D4EA}.Release|Any CPU.ActiveCfg = Release|Any CPU
		{C7CF6562-2D8C-41EC-B517-46095B03D4EA}.Release|Any CPU.Build.0 = Release|Any CPU
		{0B088095-6ED4-43CE-9EF2-C1EA3C7ADBFF}.Debug|Any CPU.ActiveCfg = Debug|Any CPU
		{0B088095-6ED4-43CE-9EF2-C1EA3C7ADBFF}.Debug|Any CPU.Build.0 = Debug|Any CPU
		{0B088095-6ED4-43CE-9EF2-C1EA3C7ADBFF}.Release|Any CPU.ActiveCfg = Release|Any CPU
		{0B088095-6ED4-43CE-9EF2-C1EA3C7ADBFF}.Release|Any CPU.Build.0 = Release|Any CPU
		{89A9A8DA-80DD-4A27-A49C-AE2F3356B59D}.Debug|Any CPU.ActiveCfg = Debug|Any CPU
		{89A9A8DA-80DD-4A27-A49C-AE2F3356B59D}.Debug|Any CPU.Build.0 = Debug|Any CPU
		{89A9A8DA-80DD-4A27-A49C-AE2F3356B59D}.Release|Any CPU.ActiveCfg = Release|Any CPU
		{89A9A8DA-80DD-4A27-A49C-AE2F3356B59D}.Release|Any CPU.Build.0 = Release|Any CPU
		{70DA205B-50E9-4F4D-B244-9C2E2B40A2EE}.Debug|Any CPU.ActiveCfg = Debug|Any CPU
		{70DA205B-50E9-4F4D-B244-9C2E2B40A2EE}.Debug|Any CPU.Build.0 = Debug|Any CPU
		{70DA205B-50E9-4F4D-B244-9C2E2B40A2EE}.Release|Any CPU.ActiveCfg = Release|Any CPU
		{70DA205B-50E9-4F4D-B244-9C2E2B40A2EE}.Release|Any CPU.Build.0 = Release|Any CPU
		{4C29DC6C-1251-4B3F-8F2C-447F24230E56}.Debug|Any CPU.ActiveCfg = Debug|Any CPU
		{4C29DC6C-1251-4B3F-8F2C-447F24230E56}.Debug|Any CPU.Build.0 = Debug|Any CPU
		{4C29DC6C-1251-4B3F-8F2C-447F24230E56}.Release|Any CPU.ActiveCfg = Release|Any CPU
		{4C29DC6C-1251-4B3F-8F2C-447F24230E56}.Release|Any CPU.Build.0 = Release|Any CPU
		{DCA948A5-DCE2-4F0E-B011-5BCC5D9C206F}.Debug|Any CPU.ActiveCfg = Debug|Any CPU
		{DCA948A5-DCE2-4F0E-B011-5BCC5D9C206F}.Debug|Any CPU.Build.0 = Debug|Any CPU
		{DCA948A5-DCE2-4F0E-B011-5BCC5D9C206F}.Release|Any CPU.ActiveCfg = Release|Any CPU
		{DCA948A5-DCE2-4F0E-B011-5BCC5D9C206F}.Release|Any CPU.Build.0 = Release|Any CPU
	EndGlobalSection
	GlobalSection(SolutionProperties) = preSolution
		HideSolutionNode = FALSE
	EndGlobalSection
	GlobalSection(NestedProjects) = preSolution
		{CA4B6910-402D-40C3-99C6-8DF8E3ABF041} = {BC256BE7-7896-4159-BB31-9F3D22860391}
		{F717BFF2-0DD5-453D-AB60-1CA85D7FCB87} = {BC256BE7-7896-4159-BB31-9F3D22860391}
		{94F40576-6748-40AB-A541-ED6A45035796} = {BC256BE7-7896-4159-BB31-9F3D22860391}
		{8322904C-5A48-4A92-A5EA-2AF91F8C4595} = {001008EE-6848-47BA-9F6C-A89B0E74D737}
		{16FCCE0B-9C29-48D2-8CE7-0DC1D616B602} = {BC256BE7-7896-4159-BB31-9F3D22860391}
		{36A9DAA0-FCD4-41A3-A046-C755937CA701} = {BC256BE7-7896-4159-BB31-9F3D22860391}
		{D8A98936-BA4C-44A9-BD39-34DCBEF665C9} = {843C3844-BA79-40AE-B102-F5AFA0F4AD77}
		{D42E447B-522C-48E6-82A9-B24780BC7A35} = {BC256BE7-7896-4159-BB31-9F3D22860391}
		{C7CF6562-2D8C-41EC-B517-46095B03D4EA} = {BC256BE7-7896-4159-BB31-9F3D22860391}
		{0B088095-6ED4-43CE-9EF2-C1EA3C7ADBFF} = {BC256BE7-7896-4159-BB31-9F3D22860391}
		{89A9A8DA-80DD-4A27-A49C-AE2F3356B59D} = {BC256BE7-7896-4159-BB31-9F3D22860391}
		{70DA205B-50E9-4F4D-B244-9C2E2B40A2EE} = {BC256BE7-7896-4159-BB31-9F3D22860391}
		{4C29DC6C-1251-4B3F-8F2C-447F24230E56} = {843C3844-BA79-40AE-B102-F5AFA0F4AD77}
		{DCA948A5-DCE2-4F0E-B011-5BCC5D9C206F} = {BC256BE7-7896-4159-BB31-9F3D22860391}
	EndGlobalSection
	GlobalSection(ExtensibilityGlobals) = postSolution
		SolutionGuid = {8F0DF64A-C8D5-41DF-B4C9-5C70526644DF}
	EndGlobalSection
EndGlobal
